// !$*UTF8*$!
{
	archiveVersion = 1;
	classes = {
	};
	objectVersion = 77;
	objects = {

/* Begin PBXContainerItemProxy section */
		55F7AD122CDB8D1A00921550 /* PBXContainerItemProxy */ = {
			isa = PBXContainerItemProxy;
			containerPortal = 55F7ACF92CDB8D1900921550 /* Project object */;
			proxyType = 1;
			remoteGlobalIDString = 55F7AD002CDB8D1900921550;
			remoteInfo = myTrackerSwiftUI;
		};
		55F7AD1C2CDB8D1A00921550 /* PBXContainerItemProxy */ = {
			isa = PBXContainerItemProxy;
			containerPortal = 55F7ACF92CDB8D1900921550 /* Project object */;
			proxyType = 1;
			remoteGlobalIDString = 55F7AD002CDB8D1900921550;
			remoteInfo = myTrackerSwiftUI;
		};
/* End PBXContainerItemProxy section */

/* Begin PBXFileReference section */
		55F7AD012CDB8D1900921550 /* myTrackerSwiftUI.app */ = {isa = PBXFileReference; explicitFileType = wrapper.application; includeInIndex = 0; path = myTrackerSwiftUI.app; sourceTree = BUILT_PRODUCTS_DIR; };
		55F7AD112CDB8D1A00921550 /* myTrackerSwiftUITests.xctest */ = {isa = PBXFileReference; explicitFileType = wrapper.cfbundle; includeInIndex = 0; path = myTrackerSwiftUITests.xctest; sourceTree = BUILT_PRODUCTS_DIR; };
		55F7AD1B2CDB8D1A00921550 /* myTrackerSwiftUIUITests.xctest */ = {isa = PBXFileReference; explicitFileType = wrapper.cfbundle; includeInIndex = 0; path = myTrackerSwiftUIUITests.xctest; sourceTree = BUILT_PRODUCTS_DIR; };
/* End PBXFileReference section */

/* Begin PBXFileSystemSynchronizedRootGroup section */
		55F7AD032CDB8D1900921550 /* myTrackerSwiftUI */ = {
			isa = PBXFileSystemSynchronizedRootGroup;
			path = myTrackerSwiftUI;
			sourceTree = "<group>";
		};
		55F7AD142CDB8D1A00921550 /* myTrackerSwiftUITests */ = {
			isa = PBXFileSystemSynchronizedRootGroup;
			path = myTrackerSwiftUITests;
			sourceTree = "<group>";
		};
		55F7AD1E2CDB8D1A00921550 /* myTrackerSwiftUIUITests */ = {
			isa = PBXFileSystemSynchronizedRootGroup;
			path = myTrackerSwiftUIUITests;
			sourceTree = "<group>";
		};
/* End PBXFileSystemSynchronizedRootGroup section */

/* Begin PBXFrameworksBuildPhase section */
		55F7ACFE2CDB8D1900921550 /* Frameworks */ = {
			isa = PBXFrameworksBuildPhase;
			buildActionMask = 2147483647;
			files = (
			);
			runOnlyForDeploymentPostprocessing = 0;
		};
		55F7AD0E2CDB8D1A00921550 /* Frameworks */ = {
			isa = PBXFrameworksBuildPhase;
			buildActionMask = 2147483647;
			files = (
			);
			runOnlyForDeploymentPostprocessing = 0;
		};
		55F7AD182CDB8D1A00921550 /* Frameworks */ = {
			isa = PBXFrameworksBuildPhase;
			buildActionMask = 2147483647;
			files = (
			);
			runOnlyForDeploymentPostprocessing = 0;
		};
/* End PBXFrameworksBuildPhase section */

/* Begin PBXGroup section */
		55F7ACF82CDB8D1900921550 = {
			isa = PBXGroup;
			children = (
				55F7AD032CDB8D1900921550 /* myTrackerSwiftUI */,
				55F7AD142CDB8D1A00921550 /* myTrackerSwiftUITests */,
				55F7AD1E2CDB8D1A00921550 /* myTrackerSwiftUIUITests */,
				55F7AD022CDB8D1900921550 /* Products */,
			);
			sourceTree = "<group>";
		};
		55F7AD022CDB8D1900921550 /* Products */ = {
			isa = PBXGroup;
			children = (
				55F7AD012CDB8D1900921550 /* myTrackerSwiftUI.app */,
				55F7AD112CDB8D1A00921550 /* myTrackerSwiftUITests.xctest */,
				55F7AD1B2CDB8D1A00921550 /* myTrackerSwiftUIUITests.xctest */,
			);
			name = Products;
			sourceTree = "<group>";
		};
/* End PBXGroup section */

/* Begin PBXNativeTarget section */
		55F7AD002CDB8D1900921550 /* myTrackerSwiftUI */ = {
			isa = PBXNativeTarget;
			buildConfigurationList = 55F7AD252CDB8D1A00921550 /* Build configuration list for PBXNativeTarget "myTrackerSwiftUI" */;
			buildPhases = (
				55F7ACFD2CDB8D1900921550 /* Sources */,
				55F7ACFE2CDB8D1900921550 /* Frameworks */,
				55F7ACFF2CDB8D1900921550 /* Resources */,
			);
			buildRules = (
			);
			dependencies = (
			);
			fileSystemSynchronizedGroups = (
				55F7AD032CDB8D1900921550 /* myTrackerSwiftUI */,
			);
			name = myTrackerSwiftUI;
			packageProductDependencies = (
			);
			productName = myTrackerSwiftUI;
			productReference = 55F7AD012CDB8D1900921550 /* myTrackerSwiftUI.app */;
			productType = "com.apple.product-type.application";
		};
		55F7AD102CDB8D1A00921550 /* myTrackerSwiftUITests */ = {
			isa = PBXNativeTarget;
			buildConfigurationList = 55F7AD282CDB8D1A00921550 /* Build configuration list for PBXNativeTarget "myTrackerSwiftUITests" */;
			buildPhases = (
				55F7AD0D2CDB8D1A00921550 /* Sources */,
				55F7AD0E2CDB8D1A00921550 /* Frameworks */,
				55F7AD0F2CDB8D1A00921550 /* Resources */,
			);
			buildRules = (
			);
			dependencies = (
				55F7AD132CDB8D1A00921550 /* PBXTargetDependency */,
			);
			fileSystemSynchronizedGroups = (
				55F7AD142CDB8D1A00921550 /* myTrackerSwiftUITests */,
			);
			name = myTrackerSwiftUITests;
			packageProductDependencies = (
			);
			productName = myTrackerSwiftUITests;
			productReference = 55F7AD112CDB8D1A00921550 /* myTrackerSwiftUITests.xctest */;
			productType = "com.apple.product-type.bundle.unit-test";
		};
		55F7AD1A2CDB8D1A00921550 /* myTrackerSwiftUIUITests */ = {
			isa = PBXNativeTarget;
			buildConfigurationList = 55F7AD2B2CDB8D1A00921550 /* Build configuration list for PBXNativeTarget "myTrackerSwiftUIUITests" */;
			buildPhases = (
				55F7AD172CDB8D1A00921550 /* Sources */,
				55F7AD182CDB8D1A00921550 /* Frameworks */,
				55F7AD192CDB8D1A00921550 /* Resources */,
			);
			buildRules = (
			);
			dependencies = (
				55F7AD1D2CDB8D1A00921550 /* PBXTargetDependency */,
			);
			fileSystemSynchronizedGroups = (
				55F7AD1E2CDB8D1A00921550 /* myTrackerSwiftUIUITests */,
			);
			name = myTrackerSwiftUIUITests;
			packageProductDependencies = (
			);
			productName = myTrackerSwiftUIUITests;
			productReference = 55F7AD1B2CDB8D1A00921550 /* myTrackerSwiftUIUITests.xctest */;
			productType = "com.apple.product-type.bundle.ui-testing";
		};
/* End PBXNativeTarget section */

/* Begin PBXProject section */
		55F7ACF92CDB8D1900921550 /* Project object */ = {
			isa = PBXProject;
			attributes = {
				BuildIndependentTargetsInParallel = 1;
				LastSwiftUpdateCheck = 1600;
				LastUpgradeCheck = 1600;
				TargetAttributes = {
					55F7AD002CDB8D1900921550 = {
						CreatedOnToolsVersion = 16.0;
					};
					55F7AD102CDB8D1A00921550 = {
						CreatedOnToolsVersion = 16.0;
						TestTargetID = 55F7AD002CDB8D1900921550;
					};
					55F7AD1A2CDB8D1A00921550 = {
						CreatedOnToolsVersion = 16.0;
						TestTargetID = 55F7AD002CDB8D1900921550;
					};
				};
			};
			buildConfigurationList = 55F7ACFC2CDB8D1900921550 /* Build configuration list for PBXProject "myTrackerSwiftUI" */;
			developmentRegion = en;
			hasScannedForEncodings = 0;
			knownRegions = (
				en,
				Base,
			);
			mainGroup = 55F7ACF82CDB8D1900921550;
			minimizedProjectReferenceProxies = 1;
			preferredProjectObjectVersion = 77;
			productRefGroup = 55F7AD022CDB8D1900921550 /* Products */;
			projectDirPath = "";
			projectRoot = "";
			targets = (
				55F7AD002CDB8D1900921550 /* myTrackerSwiftUI */,
				55F7AD102CDB8D1A00921550 /* myTrackerSwiftUITests */,
				55F7AD1A2CDB8D1A00921550 /* myTrackerSwiftUIUITests */,
			);
		};
/* End PBXProject section */

/* Begin PBXResourcesBuildPhase section */
		55F7ACFF2CDB8D1900921550 /* Resources */ = {
			isa = PBXResourcesBuildPhase;
			buildActionMask = 2147483647;
			files = (
			);
			runOnlyForDeploymentPostprocessing = 0;
		};
		55F7AD0F2CDB8D1A00921550 /* Resources */ = {
			isa = PBXResourcesBuildPhase;
			buildActionMask = 2147483647;
			files = (
			);
			runOnlyForDeploymentPostprocessing = 0;
		};
		55F7AD192CDB8D1A00921550 /* Resources */ = {
			isa = PBXResourcesBuildPhase;
			buildActionMask = 2147483647;
			files = (
			);
			runOnlyForDeploymentPostprocessing = 0;
		};
/* End PBXResourcesBuildPhase section */

/* Begin PBXSourcesBuildPhase section */
		55F7ACFD2CDB8D1900921550 /* Sources */ = {
			isa = PBXSourcesBuildPhase;
			buildActionMask = 2147483647;
			files = (
			);
			runOnlyForDeploymentPostprocessing = 0;
		};
		55F7AD0D2CDB8D1A00921550 /* Sources */ = {
			isa = PBXSourcesBuildPhase;
			buildActionMask = 2147483647;
			files = (
			);
			runOnlyForDeploymentPostprocessing = 0;
		};
		55F7AD172CDB8D1A00921550 /* Sources */ = {
			isa = PBXSourcesBuildPhase;
			buildActionMask = 2147483647;
			files = (
			);
			runOnlyForDeploymentPostprocessing = 0;
		};
/* End PBXSourcesBuildPhase section */

/* Begin PBXTargetDependency section */
		55F7AD132CDB8D1A00921550 /* PBXTargetDependency */ = {
			isa = PBXTargetDependency;
			target = 55F7AD002CDB8D1900921550 /* myTrackerSwiftUI */;
			targetProxy = 55F7AD122CDB8D1A00921550 /* PBXContainerItemProxy */;
		};
		55F7AD1D2CDB8D1A00921550 /* PBXTargetDependency */ = {
			isa = PBXTargetDependency;
			target = 55F7AD002CDB8D1900921550 /* myTrackerSwiftUI */;
			targetProxy = 55F7AD1C2CDB8D1A00921550 /* PBXContainerItemProxy */;
		};
/* End PBXTargetDependency section */

/* Begin XCBuildConfiguration section */
		55F7AD232CDB8D1A00921550 /* Debug */ = {
			isa = XCBuildConfiguration;
			buildSettings = {
				ALWAYS_SEARCH_USER_PATHS = NO;
				ASSETCATALOG_COMPILER_GENERATE_SWIFT_ASSET_SYMBOL_EXTENSIONS = YES;
				CLANG_ANALYZER_NONNULL = YES;
				CLANG_ANALYZER_NUMBER_OBJECT_CONVERSION = YES_AGGRESSIVE;
				CLANG_CXX_LANGUAGE_STANDARD = "gnu++20";
				CLANG_ENABLE_MODULES = YES;
				CLANG_ENABLE_OBJC_ARC = YES;
				CLANG_ENABLE_OBJC_WEAK = YES;
				CLANG_WARN_BLOCK_CAPTURE_AUTORELEASING = YES;
				CLANG_WARN_BOOL_CONVERSION = YES;
				CLANG_WARN_COMMA = YES;
				CLANG_WARN_CONSTANT_CONVERSION = YES;
				CLANG_WARN_DEPRECATED_OBJC_IMPLEMENTATIONS = YES;
				CLANG_WARN_DIRECT_OBJC_ISA_USAGE = YES_ERROR;
				CLANG_WARN_DOCUMENTATION_COMMENTS = YES;
				CLANG_WARN_EMPTY_BODY = YES;
				CLANG_WARN_ENUM_CONVERSION = YES;
				CLANG_WARN_INFINITE_RECURSION = YES;
				CLANG_WARN_INT_CONVERSION = YES;
				CLANG_WARN_NON_LITERAL_NULL_CONVERSION = YES;
				CLANG_WARN_OBJC_IMPLICIT_RETAIN_SELF = YES;
				CLANG_WARN_OBJC_LITERAL_CONVERSION = YES;
				CLANG_WARN_OBJC_ROOT_CLASS = YES_ERROR;
				CLANG_WARN_QUOTED_INCLUDE_IN_FRAMEWORK_HEADER = YES;
				CLANG_WARN_RANGE_LOOP_ANALYSIS = YES;
				CLANG_WARN_STRICT_PROTOTYPES = YES;
				CLANG_WARN_SUSPICIOUS_MOVE = YES;
				CLANG_WARN_UNGUARDED_AVAILABILITY = YES_AGGRESSIVE;
				CLANG_WARN_UNREACHABLE_CODE = YES;
				CLANG_WARN__DUPLICATE_METHOD_MATCH = YES;
				COPY_PHASE_STRIP = NO;
				DEBUG_INFORMATION_FORMAT = dwarf;
				ENABLE_STRICT_OBJC_MSGSEND = YES;
				ENABLE_TESTABILITY = YES;
				ENABLE_USER_SCRIPT_SANDBOXING = YES;
				GCC_C_LANGUAGE_STANDARD = gnu17;
				GCC_DYNAMIC_NO_PIC = NO;
				GCC_NO_COMMON_BLOCKS = YES;
				GCC_OPTIMIZATION_LEVEL = 0;
				GCC_PREPROCESSOR_DEFINITIONS = (
					"DEBUG=1",
					"$(inherited)",
				);
				GCC_WARN_64_TO_32_BIT_CONVERSION = YES;
				GCC_WARN_ABOUT_RETURN_TYPE = YES_ERROR;
				GCC_WARN_UNDECLARED_SELECTOR = YES;
				GCC_WARN_UNINITIALIZED_AUTOS = YES_AGGRESSIVE;
				GCC_WARN_UNUSED_FUNCTION = YES;
				GCC_WARN_UNUSED_VARIABLE = YES;
				IPHONEOS_DEPLOYMENT_TARGET = 18.0;
				LOCALIZATION_PREFERS_STRING_CATALOGS = YES;
				MTL_ENABLE_DEBUG_INFO = INCLUDE_SOURCE;
				MTL_FAST_MATH = YES;
				ONLY_ACTIVE_ARCH = YES;
				SDKROOT = iphoneos;
				SWIFT_ACTIVE_COMPILATION_CONDITIONS = "DEBUG $(inherited)";
				SWIFT_OPTIMIZATION_LEVEL = "-Onone";
			};
			name = Debug;
		};
		55F7AD242CDB8D1A00921550 /* Release */ = {
			isa = XCBuildConfiguration;
			buildSettings = {
				ALWAYS_SEARCH_USER_PATHS = NO;
				ASSETCATALOG_COMPILER_GENERATE_SWIFT_ASSET_SYMBOL_EXTENSIONS = YES;
				CLANG_ANALYZER_NONNULL = YES;
				CLANG_ANALYZER_NUMBER_OBJECT_CONVERSION = YES_AGGRESSIVE;
				CLANG_CXX_LANGUAGE_STANDARD = "gnu++20";
				CLANG_ENABLE_MODULES = YES;
				CLANG_ENABLE_OBJC_ARC = YES;
				CLANG_ENABLE_OBJC_WEAK = YES;
				CLANG_WARN_BLOCK_CAPTURE_AUTORELEASING = YES;
				CLANG_WARN_BOOL_CONVERSION = YES;
				CLANG_WARN_COMMA = YES;
				CLANG_WARN_CONSTANT_CONVERSION = YES;
				CLANG_WARN_DEPRECATED_OBJC_IMPLEMENTATIONS = YES;
				CLANG_WARN_DIRECT_OBJC_ISA_USAGE = YES_ERROR;
				CLANG_WARN_DOCUMENTATION_COMMENTS = YES;
				CLANG_WARN_EMPTY_BODY = YES;
				CLANG_WARN_ENUM_CONVERSION = YES;
				CLANG_WARN_INFINITE_RECURSION = YES;
				CLANG_WARN_INT_CONVERSION = YES;
				CLANG_WARN_NON_LITERAL_NULL_CONVERSION = YES;
				CLANG_WARN_OBJC_IMPLICIT_RETAIN_SELF = YES;
				CLANG_WARN_OBJC_LITERAL_CONVERSION = YES;
				CLANG_WARN_OBJC_ROOT_CLASS = YES_ERROR;
				CLANG_WARN_QUOTED_INCLUDE_IN_FRAMEWORK_HEADER = YES;
				CLANG_WARN_RANGE_LOOP_ANALYSIS = YES;
				CLANG_WARN_STRICT_PROTOTYPES = YES;
				CLANG_WARN_SUSPICIOUS_MOVE = YES;
				CLANG_WARN_UNGUARDED_AVAILABILITY = YES_AGGRESSIVE;
				CLANG_WARN_UNREACHABLE_CODE = YES;
				CLANG_WARN__DUPLICATE_METHOD_MATCH = YES;
				COPY_PHASE_STRIP = NO;
				DEBUG_INFORMATION_FORMAT = "dwarf-with-dsym";
				ENABLE_NS_ASSERTIONS = NO;
				ENABLE_STRICT_OBJC_MSGSEND = YES;
				ENABLE_USER_SCRIPT_SANDBOXING = YES;
				GCC_C_LANGUAGE_STANDARD = gnu17;
				GCC_NO_COMMON_BLOCKS = YES;
				GCC_WARN_64_TO_32_BIT_CONVERSION = YES;
				GCC_WARN_ABOUT_RETURN_TYPE = YES_ERROR;
				GCC_WARN_UNDECLARED_SELECTOR = YES;
				GCC_WARN_UNINITIALIZED_AUTOS = YES_AGGRESSIVE;
				GCC_WARN_UNUSED_FUNCTION = YES;
				GCC_WARN_UNUSED_VARIABLE = YES;
				IPHONEOS_DEPLOYMENT_TARGET = 18.0;
				LOCALIZATION_PREFERS_STRING_CATALOGS = YES;
				MTL_ENABLE_DEBUG_INFO = NO;
				MTL_FAST_MATH = YES;
				SDKROOT = iphoneos;
				SWIFT_COMPILATION_MODE = wholemodule;
				VALIDATE_PRODUCT = YES;
			};
			name = Release;
		};
		55F7AD262CDB8D1A00921550 /* Debug */ = {
			isa = XCBuildConfiguration;
			buildSettings = {
				ASSETCATALOG_COMPILER_APPICON_NAME = AppIcon;
				ASSETCATALOG_COMPILER_GLOBAL_ACCENT_COLOR_NAME = AccentColor;
				CODE_SIGN_STYLE = Automatic;
				CURRENT_PROJECT_VERSION = 1;
				DEVELOPMENT_ASSET_PATHS = "";
				DEVELOPMENT_TEAM = 4T5V6H4K4G;
				ENABLE_PREVIEWS = YES;
				GENERATE_INFOPLIST_FILE = YES;
				INFOPLIST_KEY_NSFaceIDUsageDescription = "We need to validate your data";
				INFOPLIST_KEY_UIApplicationSceneManifest_Generation = YES;
				INFOPLIST_KEY_UIApplicationSupportsIndirectInputEvents = YES;
				INFOPLIST_KEY_UILaunchScreen_Generation = YES;
				INFOPLIST_KEY_UISupportedInterfaceOrientations_iPad = "UIInterfaceOrientationPortrait UIInterfaceOrientationPortraitUpsideDown UIInterfaceOrientationLandscapeLeft UIInterfaceOrientationLandscapeRight";
				INFOPLIST_KEY_UISupportedInterfaceOrientations_iPhone = "UIInterfaceOrientationPortrait UIInterfaceOrientationLandscapeLeft UIInterfaceOrientationLandscapeRight";
				LD_RUNPATH_SEARCH_PATHS = (
					"$(inherited)",
					"@executable_path/Frameworks",
				);
				MARKETING_VERSION = 1.0;
				PRODUCT_BUNDLE_IDENTIFIER = oscargordillo.myTrackerSwiftUI;
				PRODUCT_NAME = "$(TARGET_NAME)";
				SWIFT_EMIT_LOC_STRINGS = YES;
				SWIFT_VERSION = 5.0;
				TARGETED_DEVICE_FAMILY = "1,2";
			};
			name = Debug;
		};
		55F7AD272CDB8D1A00921550 /* Release */ = {
			isa = XCBuildConfiguration;
			buildSettings = {
				ASSETCATALOG_COMPILER_APPICON_NAME = AppIcon;
				ASSETCATALOG_COMPILER_GLOBAL_ACCENT_COLOR_NAME = AccentColor;
				CODE_SIGN_STYLE = Automatic;
				CURRENT_PROJECT_VERSION = 1;
				DEVELOPMENT_ASSET_PATHS = "";
				DEVELOPMENT_TEAM = 4T5V6H4K4G;
				ENABLE_PREVIEWS = YES;
				GENERATE_INFOPLIST_FILE = YES;
				INFOPLIST_KEY_NSFaceIDUsageDescription = "We need to validate your data";
				INFOPLIST_KEY_UIApplicationSceneManifest_Generation = YES;
				INFOPLIST_KEY_UIApplicationSupportsIndirectInputEvents = YES;
				INFOPLIST_KEY_UILaunchScreen_Generation = YES;
				INFOPLIST_KEY_UISupportedInterfaceOrientations_iPad = "UIInterfaceOrientationPortrait UIInterfaceOrientationPortraitUpsideDown UIInterfaceOrientationLandscapeLeft UIInterfaceOrientationLandscapeRight";
				INFOPLIST_KEY_UISupportedInterfaceOrientations_iPhone = "UIInterfaceOrientationPortrait UIInterfaceOrientationLandscapeLeft UIInterfaceOrientationLandscapeRight";
				LD_RUNPATH_SEARCH_PATHS = (
					"$(inherited)",
					"@executable_path/Frameworks",
				);
				MARKETING_VERSION = 1.0;
				PRODUCT_BUNDLE_IDENTIFIER = oscargordillo.myTrackerSwiftUI;
				PRODUCT_NAME = "$(TARGET_NAME)";
				SWIFT_EMIT_LOC_STRINGS = YES;
				SWIFT_VERSION = 5.0;
				TARGETED_DEVICE_FAMILY = "1,2";
			};
			name = Release;
		};
		55F7AD292CDB8D1A00921550 /* Debug */ = {
			isa = XCBuildConfiguration;
			buildSettings = {
				BUNDLE_LOADER = "$(TEST_HOST)";
				CODE_SIGN_STYLE = Automatic;
				CURRENT_PROJECT_VERSION = 1;
				DEVELOPMENT_TEAM = 4T5V6H4K4G;
				GENERATE_INFOPLIST_FILE = YES;
				IPHONEOS_DEPLOYMENT_TARGET = 18.0;
				MARKETING_VERSION = 1.0;
				PRODUCT_BUNDLE_IDENTIFIER = oscargordillo.myTrackerSwiftUITests;
				PRODUCT_NAME = "$(TARGET_NAME)";
				SWIFT_EMIT_LOC_STRINGS = NO;
				SWIFT_VERSION = 5.0;
				TARGETED_DEVICE_FAMILY = "1,2";
				TEST_HOST = "$(BUILT_PRODUCTS_DIR)/myTrackerSwiftUI.app/$(BUNDLE_EXECUTABLE_FOLDER_PATH)/myTrackerSwiftUI";
			};
			name = Debug;
		};
		55F7AD2A2CDB8D1A00921550 /* Release */ = {
			isa = XCBuildConfiguration;
			buildSettings = {
				BUNDLE_LOADER = "$(TEST_HOST)";
				CODE_SIGN_STYLE = Automatic;
				CURRENT_PROJECT_VERSION = 1;
				DEVELOPMENT_TEAM = 4T5V6H4K4G;
				GENERATE_INFOPLIST_FILE = YES;
				IPHONEOS_DEPLOYMENT_TARGET = 18.0;
				MARKETING_VERSION = 1.0;
				PRODUCT_BUNDLE_IDENTIFIER = oscargordillo.myTrackerSwiftUITests;
				PRODUCT_NAME = "$(TARGET_NAME)";
				SWIFT_EMIT_LOC_STRINGS = NO;
				SWIFT_VERSION = 5.0;
				TARGETED_DEVICE_FAMILY = "1,2";
				TEST_HOST = "$(BUILT_PRODUCTS_DIR)/myTrackerSwiftUI.app/$(BUNDLE_EXECUTABLE_FOLDER_PATH)/myTrackerSwiftUI";
			};
			name = Release;
		};
		55F7AD2C2CDB8D1A00921550 /* Debug */ = {
			isa = XCBuildConfiguration;
			buildSettings = {
				CODE_SIGN_STYLE = Automatic;
				CURRENT_PROJECT_VERSION = 1;
				DEVELOPMENT_TEAM = 4T5V6H4K4G;
				GENERATE_INFOPLIST_FILE = YES;
				MARKETING_VERSION = 1.0;
				PRODUCT_BUNDLE_IDENTIFIER = oscargordillo.myTrackerSwiftUIUITests;
				PRODUCT_NAME = "$(TARGET_NAME)";
				SWIFT_EMIT_LOC_STRINGS = NO;
				SWIFT_VERSION = 5.0;
				TARGETED_DEVICE_FAMILY = "1,2";
				TEST_TARGET_NAME = myTrackerSwiftUI;
			};
			name = Debug;
		};
		55F7AD2D2CDB8D1A00921550 /* Release */ = {
			isa = XCBuildConfiguration;
			buildSettings = {
				CODE_SIGN_STYLE = Automatic;
				CURRENT_PROJECT_VERSION = 1;
				DEVELOPMENT_TEAM = 4T5V6H4K4G;
				GENERATE_INFOPLIST_FILE = YES;
				MARKETING_VERSION = 1.0;
				PRODUCT_BUNDLE_IDENTIFIER = oscargordillo.myTrackerSwiftUIUITests;
				PRODUCT_NAME = "$(TARGET_NAME)";
				SWIFT_EMIT_LOC_STRINGS = NO;
				SWIFT_VERSION = 5.0;
				TARGETED_DEVICE_FAMILY = "1,2";
				TEST_TARGET_NAME = myTrackerSwiftUI;
			};
			name = Release;
		};
/* End XCBuildConfiguration section */

/* Begin XCConfigurationList section */
		55F7ACFC2CDB8D1900921550 /* Build configuration list for PBXProject "myTrackerSwiftUI" */ = {
			isa = XCConfigurationList;
			buildConfigurations = (
				55F7AD232CDB8D1A00921550 /* Debug */,
				55F7AD242CDB8D1A00921550 /* Release */,
			);
			defaultConfigurationIsVisible = 0;
			defaultConfigurationName = Release;
		};
		55F7AD252CDB8D1A00921550 /* Build configuration list for PBXNativeTarget "myTrackerSwiftUI" */ = {
			isa = XCConfigurationList;
			buildConfigurations = (
				55F7AD262CDB8D1A00921550 /* Debug */,
				55F7AD272CDB8D1A00921550 /* Release */,
			);
			defaultConfigurationIsVisible = 0;
			defaultConfigurationName = Release;
		};
		55F7AD282CDB8D1A00921550 /* Build configuration list for PBXNativeTarget "myTrackerSwiftUITests" */ = {
			isa = XCConfigurationList;
			buildConfigurations = (
				55F7AD292CDB8D1A00921550 /* Debug */,
				55F7AD2A2CDB8D1A00921550 /* Release */,
			);
			defaultConfigurationIsVisible = 0;
			defaultConfigurationName = Release;
		};
		55F7AD2B2CDB8D1A00921550 /* Build configuration list for PBXNativeTarget "myTrackerSwiftUIUITests" */ = {
			isa = XCConfigurationList;
			buildConfigurations = (
				55F7AD2C2CDB8D1A00921550 /* Debug */,
				55F7AD2D2CDB8D1A00921550 /* Release */,
			);
			defaultConfigurationIsVisible = 0;
			defaultConfigurationName = Release;
		};
/* End XCConfigurationList section */
	};
	rootObject = 55F7ACF92CDB8D1900921550 /* Project object */;
}
